
Microsoft Visual Studio Solution File, Format Version 12.00
Project("{FAE04EC0-301F-11D3-BF4B-00C04F79EFBC}") = "Potter", "Potter\Potter.csproj", "{D480F3E2-C184-418F-B8EF-7D0109981425}"
EndProject
Global
	GlobalSection(SolutionConfigurationPlatforms) = preSolution
		Debug|Any CPU = Debug|Any CPU
		Release|Any CPU = Release|Any CPU
	EndGlobalSection
	GlobalSection(ProjectConfigurationPlatforms) = postSolution
		{D480F3E2-C184-418F-B8EF-7D0109981425}.Debug|Any CPU.ActiveCfg = Debug|Any CPU
		{D480F3E2-C184-418F-B8EF-7D0109981425}.Debug|Any CPU.Build.0 = Debug|Any CPU
		{D480F3E2-C184-418F-B8EF-7D0109981425}.Release|Any CPU.ActiveCfg = Release|Any CPU
		{D480F3E2-C184-418F-B8EF-7D0109981425}.Release|Any CPU.Build.0 = Release|Any CPU
	EndGlobalSection
EndGlobal
